
Microsoft Visual Studio Solution File, Format Version 12.00
# Visual Studio Version 17
VisualStudioVersion = 17.13.35828.75
MinimumVisualStudioVersion = 10.0.40219.1
Project("{FAE04EC0-301F-11D3-BF4B-00C04F79EFBC}") = "Liman", "Liman\Liman.csproj", "{EE9B2D7A-63CE-E89E-4AF7-3A7D6763A856}"
EndProject
Project("{FAE04EC0-301F-11D3-BF4B-00C04F79EFBC}") = "Liman.ConsoleExample", "Liman.Console.Example\Liman.ConsoleExample.csproj", "{8E395405-50D1-462E-804D-1D6E7B340D15}"
EndProject
Project("{FAE04EC0-301F-11D3-BF4B-00C04F79EFBC}") = "Liman.Tests", "Liman.Tests\Liman.Tests.csproj", "{FA9D7978-4B81-D688-E19F-744084231374}"
EndProject
Global
	GlobalSection(SolutionConfigurationPlatforms) = preSolution
		Debug|Any CPU = Debug|Any CPU
		Release|Any CPU = Release|Any CPU
	EndGlobalSection
	GlobalSection(ProjectConfigurationPlatforms) = postSolution
		{EE9B2D7A-63CE-E89E-4AF7-3A7D6763A856}.Debug|Any CPU.ActiveCfg = Debug|Any CPU
		{EE9B2D7A-63CE-E89E-4AF7-3A7D6763A856}.Debug|Any CPU.Build.0 = Debug|Any CPU
		{EE9B2D7A-63CE-E89E-4AF7-3A7D6763A856}.Release|Any CPU.ActiveCfg = Release|Any CPU
		{EE9B2D7A-63CE-E89E-4AF7-3A7D6763A856}.Release|Any CPU.Build.0 = Release|Any CPU
		{8E395405-50D1-462E-804D-1D6E7B340D15}.Debug|Any CPU.ActiveCfg = Debug|Any CPU
		{8E395405-50D1-462E-804D-1D6E7B340D15}.Debug|Any CPU.Build.0 = Debug|Any CPU
		{8E395405-50D1-462E-804D-1D6E7B340D15}.Release|Any CPU.ActiveCfg = Release|Any CPU
		{8E395405-50D1-462E-804D-1D6E7B340D15}.Release|Any CPU.Build.0 = Release|Any CPU
		{FA9D7978-4B81-D688-E19F-744084231374}.Debug|Any CPU.ActiveCfg = Debug|Any CPU
		{FA9D7978-4B81-D688-E19F-744084231374}.Debug|Any CPU.Build.0 = Debug|Any CPU
		{FA9D7978-4B81-D688-E19F-744084231374}.Release|Any CPU.ActiveCfg = Release|Any CPU
		{FA9D7978-4B81-D688-E19F-744084231374}.Release|Any CPU.Build.0 = Release|Any CPU
	EndGlobalSection
	GlobalSection(SolutionProperties) = preSolution
		HideSolutionNode = FALSE
	EndGlobalSection
	GlobalSection(ExtensibilityGlobals) = postSolution
		SolutionGuid = {59A0908D-C34A-4B2E-AE84-A4070B86A2C1}
	EndGlobalSection
EndGlobal
